
Microsoft Visual Studio Solution File, Format Version 12.00
# Visual Studio Version 17
VisualStudioVersion = 17.10.35122.118
MinimumVisualStudioVersion = 10.0.40219.1
Project("{FAE04EC0-301F-11D3-BF4B-00C04F79EFBC}") = "lms-backend", "lms-backend\lms-backend.csproj", "{564F5839-C158-48F2-A0E6-EDC391B8B9FD}"
EndProject
Global
	GlobalSection(SolutionConfigurationPlatforms) = preSolution
		Debug|Any CPU = Debug|Any CPU
		Release|Any CPU = Release|Any CPU
	EndGlobalSection
	GlobalSection(ProjectConfigurationPlatforms) = postSolution
		{564F5839-C158-48F2-A0E6-EDC391B8B9FD}.Debug|Any CPU.ActiveCfg = Debug|Any CPU
		{564F5839-C158-48F2-A0E6-EDC391B8B9FD}.Debug|Any CPU.Build.0 = Debug|Any CPU
		{564F5839-C158-48F2-A0E6-EDC391B8B9FD}.Release|Any CPU.ActiveCfg = Release|Any CPU
		{564F5839-C158-48F2-A0E6-EDC391B8B9FD}.Release|Any CPU.Build.0 = Release|Any CPU
	EndGlobalSection
	GlobalSection(SolutionProperties) = preSolution
		HideSolutionNode = FALSE
	EndGlobalSection
	GlobalSection(ExtensibilityGlobals) = postSolution
		SolutionGuid = {F0D569F3-1DDC-4D5F-BAF5-85BF9E057E13}
	EndGlobalSection
EndGlobal
